
Microsoft Visual Studio Solution File, Format Version 12.00
# Visual Studio Version 17
VisualStudioVersion = 17.0.31903.59
MinimumVisualStudioVersion = 10.0.40219.1
Project("{2150E333-8FDC-42A3-9474-1A3956D46DE8}") = "src", "src", "{7F75FD31-753A-4699-B4EC-1819599F5475}"
EndProject
Project("{FAE04EC0-301F-11D3-BF4B-00C04F79EFBC}") = "Corp.Identity.Client", "src\Corp.Identity.Client\Corp.Identity.Client.csproj", "{310DEFA5-FB95-44CD-A9E2-13F54E913E0A}"
EndProject
Project("{FAE04EC0-301F-11D3-BF4B-00C04F79EFBC}") = "Corp.Identity.Shell", "src\Corp.Identity.Shell\Corp.Identity.Shell.csproj", "{D0576D1E-EFD8-4EFA-9FA3-C02E3817917E}"
EndProject
Project("{FAE04EC0-301F-11D3-BF4B-00C04F79EFBC}") = "Corp.Api.Security", "src\Corp.Api.Security\Corp.Api.Security.csproj", "{B825857A-091D-4A8D-A96B-42F3C87DB41C}"
EndProject
Project("{FAE04EC0-301F-11D3-BF4B-00C04F79EFBC}") = "ApiA", "src\ApiA\ApiA.csproj", "{C3604E4F-2176-45A0-82CE-E822DF0857A6}"
EndProject
Project("{FAE04EC0-301F-11D3-BF4B-00C04F79EFBC}") = "ApiB", "src\ApiB\ApiB.csproj", "{000FBA35-3C2E-497F-BC4A-486FDFDA1A8C}"
EndProject
Project("{FAE04EC0-301F-11D3-BF4B-00C04F79EFBC}") = "AppA", "src\AppA\AppA.csproj", "{34F3941C-A0BA-4C62-B45E-4189A709AEB1}"
EndProject
Project("{FAE04EC0-301F-11D3-BF4B-00C04F79EFBC}") = "AppB", "src\AppB\AppB.csproj", "{9585E965-B13E-4900-B6F3-E1648A62A1CE}"
EndProject
Project("{2150E333-8FDC-42A3-9474-1A3956D46DE8}") = "tests", "tests", "{83ADE716-FF2F-4492-9797-FCE51C001DCA}"
EndProject
Project("{FAE04EC0-301F-11D3-BF4B-00C04F79EFBC}") = "Corp.Api.Security.Tests", "tests\Corp.Api.Security.Tests\Corp.Api.Security.Tests.csproj", "{1C91A788-261B-49E5-8CFD-49F42F713A41}"
EndProject
Project("{FAE04EC0-301F-11D3-BF4B-00C04F79EFBC}") = "Corp.Identity.Client.Tests", "tests\Corp.Identity.Client.Tests\Corp.Identity.Client.Tests.csproj", "{7F3F980A-C4E7-4AB0-A7B2-02B882EE33A1}"
EndProject
Global
	GlobalSection(SolutionConfigurationPlatforms) = preSolution
		Debug|Any CPU = Debug|Any CPU
		Release|Any CPU = Release|Any CPU
	EndGlobalSection
	GlobalSection(SolutionProperties) = preSolution
		HideSolutionNode = FALSE
	EndGlobalSection
	GlobalSection(ProjectConfigurationPlatforms) = postSolution
		{310DEFA5-FB95-44CD-A9E2-13F54E913E0A}.Debug|Any CPU.ActiveCfg = Debug|Any CPU
		{310DEFA5-FB95-44CD-A9E2-13F54E913E0A}.Debug|Any CPU.Build.0 = Debug|Any CPU
		{310DEFA5-FB95-44CD-A9E2-13F54E913E0A}.Release|Any CPU.ActiveCfg = Release|Any CPU
		{310DEFA5-FB95-44CD-A9E2-13F54E913E0A}.Release|Any CPU.Build.0 = Release|Any CPU
		{D0576D1E-EFD8-4EFA-9FA3-C02E3817917E}.Debug|Any CPU.ActiveCfg = Debug|Any CPU
		{D0576D1E-EFD8-4EFA-9FA3-C02E3817917E}.Debug|Any CPU.Build.0 = Debug|Any CPU
		{D0576D1E-EFD8-4EFA-9FA3-C02E3817917E}.Release|Any CPU.ActiveCfg = Release|Any CPU
		{D0576D1E-EFD8-4EFA-9FA3-C02E3817917E}.Release|Any CPU.Build.0 = Release|Any CPU
		{B825857A-091D-4A8D-A96B-42F3C87DB41C}.Debug|Any CPU.ActiveCfg = Debug|Any CPU
		{B825857A-091D-4A8D-A96B-42F3C87DB41C}.Debug|Any CPU.Build.0 = Debug|Any CPU
		{B825857A-091D-4A8D-A96B-42F3C87DB41C}.Release|Any CPU.ActiveCfg = Release|Any CPU
		{B825857A-091D-4A8D-A96B-42F3C87DB41C}.Release|Any CPU.Build.0 = Release|Any CPU
		{C3604E4F-2176-45A0-82CE-E822DF0857A6}.Debug|Any CPU.ActiveCfg = Debug|Any CPU
		{C3604E4F-2176-45A0-82CE-E822DF0857A6}.Debug|Any CPU.Build.0 = Debug|Any CPU
		{C3604E4F-2176-45A0-82CE-E822DF0857A6}.Release|Any CPU.ActiveCfg = Release|Any CPU
		{C3604E4F-2176-45A0-82CE-E822DF0857A6}.Release|Any CPU.Build.0 = Release|Any CPU
		{000FBA35-3C2E-497F-BC4A-486FDFDA1A8C}.Debug|Any CPU.ActiveCfg = Debug|Any CPU
		{000FBA35-3C2E-497F-BC4A-486FDFDA1A8C}.Debug|Any CPU.Build.0 = Debug|Any CPU
		{000FBA35-3C2E-497F-BC4A-486FDFDA1A8C}.Release|Any CPU.ActiveCfg = Release|Any CPU
		{000FBA35-3C2E-497F-BC4A-486FDFDA1A8C}.Release|Any CPU.Build.0 = Release|Any CPU
		{34F3941C-A0BA-4C62-B45E-4189A709AEB1}.Debug|Any CPU.ActiveCfg = Debug|Any CPU
		{34F3941C-A0BA-4C62-B45E-4189A709AEB1}.Debug|Any CPU.Build.0 = Debug|Any CPU
		{34F3941C-A0BA-4C62-B45E-4189A709AEB1}.Release|Any CPU.ActiveCfg = Release|Any CPU
		{34F3941C-A0BA-4C62-B45E-4189A709AEB1}.Release|Any CPU.Build.0 = Release|Any CPU
		{9585E965-B13E-4900-B6F3-E1648A62A1CE}.Debug|Any CPU.ActiveCfg = Debug|Any CPU
		{9585E965-B13E-4900-B6F3-E1648A62A1CE}.Debug|Any CPU.Build.0 = Debug|Any CPU
		{9585E965-B13E-4900-B6F3-E1648A62A1CE}.Release|Any CPU.ActiveCfg = Release|Any CPU
		{9585E965-B13E-4900-B6F3-E1648A62A1CE}.Release|Any CPU.Build.0 = Release|Any CPU
		{1C91A788-261B-49E5-8CFD-49F42F713A41}.Debug|Any CPU.ActiveCfg = Debug|Any CPU
		{1C91A788-261B-49E5-8CFD-49F42F713A41}.Debug|Any CPU.Build.0 = Debug|Any CPU
		{1C91A788-261B-49E5-8CFD-49F42F713A41}.Release|Any CPU.ActiveCfg = Release|Any CPU
		{1C91A788-261B-49E5-8CFD-49F42F713A41}.Release|Any CPU.Build.0 = Release|Any CPU
		{7F3F980A-C4E7-4AB0-A7B2-02B882EE33A1}.Debug|Any CPU.ActiveCfg = Debug|Any CPU
		{7F3F980A-C4E7-4AB0-A7B2-02B882EE33A1}.Debug|Any CPU.Build.0 = Debug|Any CPU
		{7F3F980A-C4E7-4AB0-A7B2-02B882EE33A1}.Release|Any CPU.ActiveCfg = Release|Any CPU
		{7F3F980A-C4E7-4AB0-A7B2-02B882EE33A1}.Release|Any CPU.Build.0 = Release|Any CPU
	EndGlobalSection
	GlobalSection(NestedProjects) = preSolution
		{310DEFA5-FB95-44CD-A9E2-13F54E913E0A} = {7F75FD31-753A-4699-B4EC-1819599F5475}
		{D0576D1E-EFD8-4EFA-9FA3-C02E3817917E} = {7F75FD31-753A-4699-B4EC-1819599F5475}
		{B825857A-091D-4A8D-A96B-42F3C87DB41C} = {7F75FD31-753A-4699-B4EC-1819599F5475}
		{C3604E4F-2176-45A0-82CE-E822DF0857A6} = {7F75FD31-753A-4699-B4EC-1819599F5475}
		{000FBA35-3C2E-497F-BC4A-486FDFDA1A8C} = {7F75FD31-753A-4699-B4EC-1819599F5475}
		{34F3941C-A0BA-4C62-B45E-4189A709AEB1} = {7F75FD31-753A-4699-B4EC-1819599F5475}
		{9585E965-B13E-4900-B6F3-E1648A62A1CE} = {7F75FD31-753A-4699-B4EC-1819599F5475}
		{1C91A788-261B-49E5-8CFD-49F42F713A41} = {83ADE716-FF2F-4492-9797-FCE51C001DCA}
		{7F3F980A-C4E7-4AB0-A7B2-02B882EE33A1} = {83ADE716-FF2F-4492-9797-FCE51C001DCA}
	EndGlobalSection
EndGlobal
