
Microsoft Visual Studio Solution File, Format Version 12.00
# Visual Studio Version 17
VisualStudioVersion = 17.0.31903.59
MinimumVisualStudioVersion = 10.0.40219.1
Project("{2150E333-8FDC-42A3-9474-1A3956D46DE8}") = "src", "src", "{7F75FD31-753A-4699-B4EC-1819599F5475}"
EndProject
Project("{2150E333-8FDC-42A3-9474-1A3956D46DE8}") = "Apis", "Apis", "{2964A761-58CD-4225-8D38-4AA6442D22D2}"
EndProject
Project("{FAE04EC0-301F-11D3-BF4B-00C04F79EFBC}") = "ApiA", "src\ApiA\ApiA.csproj", "{C3604E4F-2176-45A0-82CE-E822DF0857A6}"
EndProject
Project("{FAE04EC0-301F-11D3-BF4B-00C04F79EFBC}") = "ApiB", "src\ApiB\ApiB.csproj", "{000FBA35-3C2E-497F-BC4A-486FDFDA1A8C}"
EndProject
Project("{2150E333-8FDC-42A3-9474-1A3956D46DE8}") = "Clients", "Clients", "{21F4F178-1E2E-4C7E-8108-C839B918E979}"
EndProject
Project("{FAE04EC0-301F-11D3-BF4B-00C04F79EFBC}") = "AppA", "src\AppA\AppA.csproj", "{34F3941C-A0BA-4C62-B45E-4189A709AEB1}"
EndProject
Project("{FAE04EC0-301F-11D3-BF4B-00C04F79EFBC}") = "AppB", "src\AppB\AppB.csproj", "{9585E965-B13E-4900-B6F3-E1648A62A1CE}"
EndProject
Project("{2150E333-8FDC-42A3-9474-1A3956D46DE8}") = "Shared", "Shared", "{E74AE4E1-D8FB-4A62-AA04-61C415D5417E}"
EndProject
Project("{2150E333-8FDC-42A3-9474-1A3956D46DE8}") = "tools", "tools", "{E09DC182-BCC7-4476-9CD4-FA50A5091B42}"
EndProject
Project("{FAE04EC0-301F-11D3-BF4B-00C04F79EFBC}") = "DevIdp", "tools\DevIdp\DevIdp.csproj", "{2D697ADB-F2FD-4B98-AF2C-3BC8237B19F3}"
EndProject
Project("{2150E333-8FDC-42A3-9474-1A3956D46DE8}") = "Client", "Client", "{1B034424-1567-4016-B54F-A9F7D26FD839}"
EndProject
Project("{FAE04EC0-301F-11D3-BF4B-00C04F79EFBC}") = "Common.Authentication", "src\Common.Authentication\Common.Authentication.csproj", "{9A90E4CD-F39E-4117-89DE-2ACFBFBA21B2}"
EndProject
Project("{2150E333-8FDC-42A3-9474-1A3956D46DE8}") = "Api", "Api", "{91A172A9-E72C-46C4-85D6-5CF66B101B87}"
EndProject
Project("{FAE04EC0-301F-11D3-BF4B-00C04F79EFBC}") = "Common.Api.Security", "src\Common.Api.Security\Common.Api.Security.csproj", "{FD507794-8E11-45AB-B797-CB56CAE13F7E}"
EndProject
Project("{2150E333-8FDC-42A3-9474-1A3956D46DE8}") = "tests", "tests", "{649C771B-9D13-4F10-905B-D802250FD7AA}"
EndProject
Project("{FAE04EC0-301F-11D3-BF4B-00C04F79EFBC}") = "Common.Api.Security.Tests", "tests\Common.Api.Security.Tests\Common.Api.Security.Tests.csproj", "{85EA095C-E198-473B-9DC5-676F183BB572}"
EndProject
Project("{FAE04EC0-301F-11D3-BF4B-00C04F79EFBC}") = "Common.Authentication.Tests", "tests\Common.Authentication.Tests\Common.Authentication.Tests.csproj", "{C0A59A66-C23E-4CE5-AA9E-D98C9F4A93BB}"
EndProject
Global
	GlobalSection(SolutionConfigurationPlatforms) = preSolution
		Debug|Any CPU = Debug|Any CPU
		Release|Any CPU = Release|Any CPU
	EndGlobalSection
	GlobalSection(SolutionProperties) = preSolution
		HideSolutionNode = FALSE
	EndGlobalSection
	GlobalSection(ProjectConfigurationPlatforms) = postSolution
		{C3604E4F-2176-45A0-82CE-E822DF0857A6}.Debug|Any CPU.ActiveCfg = Debug|Any CPU
		{C3604E4F-2176-45A0-82CE-E822DF0857A6}.Debug|Any CPU.Build.0 = Debug|Any CPU
		{C3604E4F-2176-45A0-82CE-E822DF0857A6}.Release|Any CPU.ActiveCfg = Release|Any CPU
		{C3604E4F-2176-45A0-82CE-E822DF0857A6}.Release|Any CPU.Build.0 = Release|Any CPU
		{000FBA35-3C2E-497F-BC4A-486FDFDA1A8C}.Debug|Any CPU.ActiveCfg = Debug|Any CPU
		{000FBA35-3C2E-497F-BC4A-486FDFDA1A8C}.Debug|Any CPU.Build.0 = Debug|Any CPU
		{000FBA35-3C2E-497F-BC4A-486FDFDA1A8C}.Release|Any CPU.ActiveCfg = Release|Any CPU
		{000FBA35-3C2E-497F-BC4A-486FDFDA1A8C}.Release|Any CPU.Build.0 = Release|Any CPU
		{34F3941C-A0BA-4C62-B45E-4189A709AEB1}.Debug|Any CPU.ActiveCfg = Debug|Any CPU
		{34F3941C-A0BA-4C62-B45E-4189A709AEB1}.Debug|Any CPU.Build.0 = Debug|Any CPU
		{34F3941C-A0BA-4C62-B45E-4189A709AEB1}.Release|Any CPU.ActiveCfg = Release|Any CPU
		{34F3941C-A0BA-4C62-B45E-4189A709AEB1}.Release|Any CPU.Build.0 = Release|Any CPU
		{9585E965-B13E-4900-B6F3-E1648A62A1CE}.Debug|Any CPU.ActiveCfg = Debug|Any CPU
		{9585E965-B13E-4900-B6F3-E1648A62A1CE}.Debug|Any CPU.Build.0 = Debug|Any CPU
		{9585E965-B13E-4900-B6F3-E1648A62A1CE}.Release|Any CPU.ActiveCfg = Release|Any CPU
		{9585E965-B13E-4900-B6F3-E1648A62A1CE}.Release|Any CPU.Build.0 = Release|Any CPU
		{2D697ADB-F2FD-4B98-AF2C-3BC8237B19F3}.Debug|Any CPU.ActiveCfg = Debug|Any CPU
		{2D697ADB-F2FD-4B98-AF2C-3BC8237B19F3}.Debug|Any CPU.Build.0 = Debug|Any CPU
		{2D697ADB-F2FD-4B98-AF2C-3BC8237B19F3}.Release|Any CPU.ActiveCfg = Release|Any CPU
		{2D697ADB-F2FD-4B98-AF2C-3BC8237B19F3}.Release|Any CPU.Build.0 = Release|Any CPU
		{9A90E4CD-F39E-4117-89DE-2ACFBFBA21B2}.Debug|Any CPU.ActiveCfg = Debug|Any CPU
		{9A90E4CD-F39E-4117-89DE-2ACFBFBA21B2}.Debug|Any CPU.Build.0 = Debug|Any CPU
		{9A90E4CD-F39E-4117-89DE-2ACFBFBA21B2}.Release|Any CPU.ActiveCfg = Release|Any CPU
		{9A90E4CD-F39E-4117-89DE-2ACFBFBA21B2}.Release|Any CPU.Build.0 = Release|Any CPU
		{FD507794-8E11-45AB-B797-CB56CAE13F7E}.Debug|Any CPU.ActiveCfg = Debug|Any CPU
		{FD507794-8E11-45AB-B797-CB56CAE13F7E}.Debug|Any CPU.Build.0 = Debug|Any CPU
		{FD507794-8E11-45AB-B797-CB56CAE13F7E}.Release|Any CPU.ActiveCfg = Release|Any CPU
		{FD507794-8E11-45AB-B797-CB56CAE13F7E}.Release|Any CPU.Build.0 = Release|Any CPU
		{85EA095C-E198-473B-9DC5-676F183BB572}.Debug|Any CPU.ActiveCfg = Debug|Any CPU
		{85EA095C-E198-473B-9DC5-676F183BB572}.Debug|Any CPU.Build.0 = Debug|Any CPU
		{85EA095C-E198-473B-9DC5-676F183BB572}.Release|Any CPU.ActiveCfg = Release|Any CPU
		{85EA095C-E198-473B-9DC5-676F183BB572}.Release|Any CPU.Build.0 = Release|Any CPU
		{C0A59A66-C23E-4CE5-AA9E-D98C9F4A93BB}.Debug|Any CPU.ActiveCfg = Debug|Any CPU
		{C0A59A66-C23E-4CE5-AA9E-D98C9F4A93BB}.Debug|Any CPU.Build.0 = Debug|Any CPU
		{C0A59A66-C23E-4CE5-AA9E-D98C9F4A93BB}.Release|Any CPU.ActiveCfg = Release|Any CPU
		{C0A59A66-C23E-4CE5-AA9E-D98C9F4A93BB}.Release|Any CPU.Build.0 = Release|Any CPU
	EndGlobalSection
	GlobalSection(NestedProjects) = preSolution
		{2964A761-58CD-4225-8D38-4AA6442D22D2} = {7F75FD31-753A-4699-B4EC-1819599F5475}
		{21F4F178-1E2E-4C7E-8108-C839B918E979} = {7F75FD31-753A-4699-B4EC-1819599F5475}
		{E74AE4E1-D8FB-4A62-AA04-61C415D5417E} = {7F75FD31-753A-4699-B4EC-1819599F5475}
		{C3604E4F-2176-45A0-82CE-E822DF0857A6} = {2964A761-58CD-4225-8D38-4AA6442D22D2}
		{000FBA35-3C2E-497F-BC4A-486FDFDA1A8C} = {2964A761-58CD-4225-8D38-4AA6442D22D2}
		{34F3941C-A0BA-4C62-B45E-4189A709AEB1} = {21F4F178-1E2E-4C7E-8108-C839B918E979}
		{9585E965-B13E-4900-B6F3-E1648A62A1CE} = {21F4F178-1E2E-4C7E-8108-C839B918E979}
		{2D697ADB-F2FD-4B98-AF2C-3BC8237B19F3} = {E09DC182-BCC7-4476-9CD4-FA50A5091B42}
		{1B034424-1567-4016-B54F-A9F7D26FD839} = {E74AE4E1-D8FB-4A62-AA04-61C415D5417E}
		{9A90E4CD-F39E-4117-89DE-2ACFBFBA21B2} = {1B034424-1567-4016-B54F-A9F7D26FD839}
		{91A172A9-E72C-46C4-85D6-5CF66B101B87} = {E74AE4E1-D8FB-4A62-AA04-61C415D5417E}
		{FD507794-8E11-45AB-B797-CB56CAE13F7E} = {91A172A9-E72C-46C4-85D6-5CF66B101B87}
		{85EA095C-E198-473B-9DC5-676F183BB572} = {649C771B-9D13-4F10-905B-D802250FD7AA}
		{C0A59A66-C23E-4CE5-AA9E-D98C9F4A93BB} = {649C771B-9D13-4F10-905B-D802250FD7AA}
	EndGlobalSection
EndGlobal
