
Microsoft Visual Studio Solution File, Format Version 12.00
# Visual Studio Version 17
VisualStudioVersion = 17.0.31903.59
MinimumVisualStudioVersion = 10.0.40219.1
Project("{2150E333-8FDC-42A3-9474-1A3956D46DE8}") = "src", "src", "{7F75FD31-753A-4699-B4EC-1819599F5475}"
EndProject
Project("{2150E333-8FDC-42A3-9474-1A3956D46DE8}") = "Apis", "Apis", "{2964A761-58CD-4225-8D38-4AA6442D22D2}"
EndProject
Project("{FAE04EC0-301F-11D3-BF4B-00C04F79EFBC}") = "ApiA", "src\ApiA\ApiA.csproj", "{C3604E4F-2176-45A0-82CE-E822DF0857A6}"
EndProject
Project("{FAE04EC0-301F-11D3-BF4B-00C04F79EFBC}") = "ApiB", "src\ApiB\ApiB.csproj", "{000FBA35-3C2E-497F-BC4A-486FDFDA1A8C}"
EndProject
Project("{2150E333-8FDC-42A3-9474-1A3956D46DE8}") = "Clients", "Clients", "{21F4F178-1E2E-4C7E-8108-C839B918E979}"
EndProject
Project("{FAE04EC0-301F-11D3-BF4B-00C04F79EFBC}") = "AppA", "src\AppA\AppA.csproj", "{34F3941C-A0BA-4C62-B45E-4189A709AEB1}"
EndProject
Project("{FAE04EC0-301F-11D3-BF4B-00C04F79EFBC}") = "AppB", "src\AppB\AppB.csproj", "{9585E965-B13E-4900-B6F3-E1648A62A1CE}"
EndProject
Project("{2150E333-8FDC-42A3-9474-1A3956D46DE8}") = "Shared", "Shared", "{E74AE4E1-D8FB-4A62-AA04-61C415D5417E}"
EndProject
Project("{2150E333-8FDC-42A3-9474-1A3956D46DE8}") = "Api", "Api", "{616463CC-B0A7-4FDB-99AC-9A8E31DA211A}"
EndProject
Project("{FAE04EC0-301F-11D3-BF4B-00C04F79EFBC}") = "Corp.Api.Security", "src\Corp.Api.Security\Corp.Api.Security.csproj", "{B825857A-091D-4A8D-A96B-42F3C87DB41C}"
EndProject
Project("{2150E333-8FDC-42A3-9474-1A3956D46DE8}") = "tests", "tests", "{83ADE716-FF2F-4492-9797-FCE51C001DCA}"
EndProject
Project("{FAE04EC0-301F-11D3-BF4B-00C04F79EFBC}") = "Corp.Api.Security.Tests", "tests\Corp.Api.Security.Tests\Corp.Api.Security.Tests.csproj", "{1C91A788-261B-49E5-8CFD-49F42F713A41}"
EndProject
Project("{2150E333-8FDC-42A3-9474-1A3956D46DE8}") = "tools", "tools", "{E09DC182-BCC7-4476-9CD4-FA50A5091B42}"
EndProject
Project("{FAE04EC0-301F-11D3-BF4B-00C04F79EFBC}") = "DevIdp", "tools\DevIdp\DevIdp.csproj", "{2D697ADB-F2FD-4B98-AF2C-3BC8237B19F3}"
EndProject
Project("{2150E333-8FDC-42A3-9474-1A3956D46DE8}") = "Client", "Client", "{1B034424-1567-4016-B54F-A9F7D26FD839}"
EndProject
Project("{FAE04EC0-301F-11D3-BF4B-00C04F79EFBC}") = "Corp.Identity.Core", "src\Corp.Identity.Core\Corp.Identity.Core.csproj", "{8CBA7BF3-EAB4-4633-B81E-977AB265981C}"
EndProject
Project("{FAE04EC0-301F-11D3-BF4B-00C04F79EFBC}") = "Corp.Identity.Wpf", "src\Corp.Identity.Wpf\Corp.Identity.Wpf.csproj", "{F82DC7A6-725E-4D75-B548-0FFE5C6AA0C6}"
EndProject
Project("{FAE04EC0-301F-11D3-BF4B-00C04F79EFBC}") = "Corp.Identity.Prism", "src\Corp.Identity.Prism\Corp.Identity.Prism.csproj", "{E140352A-692C-4BF8-B727-7F300CA277C3}"
EndProject
Project("{FAE04EC0-301F-11D3-BF4B-00C04F79EFBC}") = "Corp.Identity.Core.Tests", "tests\Corp.Identity.Core.Tests\Corp.Identity.Core.Tests.csproj", "{6C08D35B-1E85-41D5-BC01-E14ECF9C7483}"
EndProject
Global
	GlobalSection(SolutionConfigurationPlatforms) = preSolution
		Debug|Any CPU = Debug|Any CPU
		Release|Any CPU = Release|Any CPU
	EndGlobalSection
	GlobalSection(SolutionProperties) = preSolution
		HideSolutionNode = FALSE
	EndGlobalSection
	GlobalSection(ProjectConfigurationPlatforms) = postSolution
		{B825857A-091D-4A8D-A96B-42F3C87DB41C}.Debug|Any CPU.ActiveCfg = Debug|Any CPU
		{B825857A-091D-4A8D-A96B-42F3C87DB41C}.Debug|Any CPU.Build.0 = Debug|Any CPU
		{B825857A-091D-4A8D-A96B-42F3C87DB41C}.Release|Any CPU.ActiveCfg = Release|Any CPU
		{B825857A-091D-4A8D-A96B-42F3C87DB41C}.Release|Any CPU.Build.0 = Release|Any CPU
		{C3604E4F-2176-45A0-82CE-E822DF0857A6}.Debug|Any CPU.ActiveCfg = Debug|Any CPU
		{C3604E4F-2176-45A0-82CE-E822DF0857A6}.Debug|Any CPU.Build.0 = Debug|Any CPU
		{C3604E4F-2176-45A0-82CE-E822DF0857A6}.Release|Any CPU.ActiveCfg = Release|Any CPU
		{C3604E4F-2176-45A0-82CE-E822DF0857A6}.Release|Any CPU.Build.0 = Release|Any CPU
		{000FBA35-3C2E-497F-BC4A-486FDFDA1A8C}.Debug|Any CPU.ActiveCfg = Debug|Any CPU
		{000FBA35-3C2E-497F-BC4A-486FDFDA1A8C}.Debug|Any CPU.Build.0 = Debug|Any CPU
		{000FBA35-3C2E-497F-BC4A-486FDFDA1A8C}.Release|Any CPU.ActiveCfg = Release|Any CPU
		{000FBA35-3C2E-497F-BC4A-486FDFDA1A8C}.Release|Any CPU.Build.0 = Release|Any CPU
		{34F3941C-A0BA-4C62-B45E-4189A709AEB1}.Debug|Any CPU.ActiveCfg = Debug|Any CPU
		{34F3941C-A0BA-4C62-B45E-4189A709AEB1}.Debug|Any CPU.Build.0 = Debug|Any CPU
		{34F3941C-A0BA-4C62-B45E-4189A709AEB1}.Release|Any CPU.ActiveCfg = Release|Any CPU
		{34F3941C-A0BA-4C62-B45E-4189A709AEB1}.Release|Any CPU.Build.0 = Release|Any CPU
		{9585E965-B13E-4900-B6F3-E1648A62A1CE}.Debug|Any CPU.ActiveCfg = Debug|Any CPU
		{9585E965-B13E-4900-B6F3-E1648A62A1CE}.Debug|Any CPU.Build.0 = Debug|Any CPU
		{9585E965-B13E-4900-B6F3-E1648A62A1CE}.Release|Any CPU.ActiveCfg = Release|Any CPU
		{9585E965-B13E-4900-B6F3-E1648A62A1CE}.Release|Any CPU.Build.0 = Release|Any CPU
		{1C91A788-261B-49E5-8CFD-49F42F713A41}.Debug|Any CPU.ActiveCfg = Debug|Any CPU
		{1C91A788-261B-49E5-8CFD-49F42F713A41}.Debug|Any CPU.Build.0 = Debug|Any CPU
		{1C91A788-261B-49E5-8CFD-49F42F713A41}.Release|Any CPU.ActiveCfg = Release|Any CPU
		{1C91A788-261B-49E5-8CFD-49F42F713A41}.Release|Any CPU.Build.0 = Release|Any CPU
		{2D697ADB-F2FD-4B98-AF2C-3BC8237B19F3}.Debug|Any CPU.ActiveCfg = Debug|Any CPU
		{2D697ADB-F2FD-4B98-AF2C-3BC8237B19F3}.Debug|Any CPU.Build.0 = Debug|Any CPU
		{2D697ADB-F2FD-4B98-AF2C-3BC8237B19F3}.Release|Any CPU.ActiveCfg = Release|Any CPU
		{2D697ADB-F2FD-4B98-AF2C-3BC8237B19F3}.Release|Any CPU.Build.0 = Release|Any CPU
		{8CBA7BF3-EAB4-4633-B81E-977AB265981C}.Debug|Any CPU.ActiveCfg = Debug|Any CPU
		{8CBA7BF3-EAB4-4633-B81E-977AB265981C}.Debug|Any CPU.Build.0 = Debug|Any CPU
		{8CBA7BF3-EAB4-4633-B81E-977AB265981C}.Release|Any CPU.ActiveCfg = Release|Any CPU
		{8CBA7BF3-EAB4-4633-B81E-977AB265981C}.Release|Any CPU.Build.0 = Release|Any CPU
		{F82DC7A6-725E-4D75-B548-0FFE5C6AA0C6}.Debug|Any CPU.ActiveCfg = Debug|Any CPU
		{F82DC7A6-725E-4D75-B548-0FFE5C6AA0C6}.Debug|Any CPU.Build.0 = Debug|Any CPU
		{F82DC7A6-725E-4D75-B548-0FFE5C6AA0C6}.Release|Any CPU.ActiveCfg = Release|Any CPU
		{F82DC7A6-725E-4D75-B548-0FFE5C6AA0C6}.Release|Any CPU.Build.0 = Release|Any CPU
		{E140352A-692C-4BF8-B727-7F300CA277C3}.Debug|Any CPU.ActiveCfg = Debug|Any CPU
		{E140352A-692C-4BF8-B727-7F300CA277C3}.Debug|Any CPU.Build.0 = Debug|Any CPU
		{E140352A-692C-4BF8-B727-7F300CA277C3}.Release|Any CPU.ActiveCfg = Release|Any CPU
		{E140352A-692C-4BF8-B727-7F300CA277C3}.Release|Any CPU.Build.0 = Release|Any CPU
		{6C08D35B-1E85-41D5-BC01-E14ECF9C7483}.Debug|Any CPU.ActiveCfg = Debug|Any CPU
		{6C08D35B-1E85-41D5-BC01-E14ECF9C7483}.Debug|Any CPU.Build.0 = Debug|Any CPU
		{6C08D35B-1E85-41D5-BC01-E14ECF9C7483}.Release|Any CPU.ActiveCfg = Release|Any CPU
		{6C08D35B-1E85-41D5-BC01-E14ECF9C7483}.Release|Any CPU.Build.0 = Release|Any CPU
	EndGlobalSection
	GlobalSection(NestedProjects) = preSolution
		{2964A761-58CD-4225-8D38-4AA6442D22D2} = {7F75FD31-753A-4699-B4EC-1819599F5475}
		{21F4F178-1E2E-4C7E-8108-C839B918E979} = {7F75FD31-753A-4699-B4EC-1819599F5475}
		{E74AE4E1-D8FB-4A62-AA04-61C415D5417E} = {7F75FD31-753A-4699-B4EC-1819599F5475}
		{616463CC-B0A7-4FDB-99AC-9A8E31DA211A} = {E74AE4E1-D8FB-4A62-AA04-61C415D5417E}
		{C3604E4F-2176-45A0-82CE-E822DF0857A6} = {2964A761-58CD-4225-8D38-4AA6442D22D2}
		{000FBA35-3C2E-497F-BC4A-486FDFDA1A8C} = {2964A761-58CD-4225-8D38-4AA6442D22D2}
		{34F3941C-A0BA-4C62-B45E-4189A709AEB1} = {21F4F178-1E2E-4C7E-8108-C839B918E979}
		{9585E965-B13E-4900-B6F3-E1648A62A1CE} = {21F4F178-1E2E-4C7E-8108-C839B918E979}
		{B825857A-091D-4A8D-A96B-42F3C87DB41C} = {616463CC-B0A7-4FDB-99AC-9A8E31DA211A}
		{1C91A788-261B-49E5-8CFD-49F42F713A41} = {83ADE716-FF2F-4492-9797-FCE51C001DCA}
		{2D697ADB-F2FD-4B98-AF2C-3BC8237B19F3} = {E09DC182-BCC7-4476-9CD4-FA50A5091B42}
		{1B034424-1567-4016-B54F-A9F7D26FD839} = {E74AE4E1-D8FB-4A62-AA04-61C415D5417E}
		{8CBA7BF3-EAB4-4633-B81E-977AB265981C} = {1B034424-1567-4016-B54F-A9F7D26FD839}
		{F82DC7A6-725E-4D75-B548-0FFE5C6AA0C6} = {1B034424-1567-4016-B54F-A9F7D26FD839}
		{E140352A-692C-4BF8-B727-7F300CA277C3} = {1B034424-1567-4016-B54F-A9F7D26FD839}
		{6C08D35B-1E85-41D5-BC01-E14ECF9C7483} = {83ADE716-FF2F-4492-9797-FCE51C001DCA}
	EndGlobalSection
EndGlobal
